{
  "name": "beastmode",
  "version": "0.99.0",
  "lockfileVersion": 3,
  "requires": true,
  "packages": {
    "": {
      "name": "beastmode",
      "version": "0.99.0",
      "license": "MIT",
      "bin": {
        "beastmode": "src/npx-cli/index.mjs"
      },
      "engines": {
        "node": ">=18"
      }
    }
  }
}
